
Microsoft Visual Studio Solution File, Format Version 12.00
# Visual Studio Version 17
VisualStudioVersion = 17.9.34607.119
MinimumVisualStudioVersion = 10.0.40219.1
Project("{FAE04EC0-301F-11D3-BF4B-00C04F79EFBC}") = "UJStaffPortal", "UJStaffPortal\UJStaffPortal.csproj", "{DB6D1248-6CA1-4E02-A2DE-3DD48F5F4F8F}"
EndProject
Project("{FAE04EC0-301F-11D3-BF4B-00C04F79EFBC}") = "BusinessLayer", "BusinessLayer\BusinessLayer.csproj", "{4938A573-B8C0-481E-8691-76D9AF3546E4}"
EndProject
Project("{FAE04EC0-301F-11D3-BF4B-00C04F79EFBC}") = "DataLayer", "DataLayer\DataLayer.csproj", "{37C364A0-F30F-4EC8-83E3-84D7A311E09E}"
EndProject
Global
	GlobalSection(SolutionConfigurationPlatforms) = preSolution
		Debug|Any CPU = Debug|Any CPU
		Release|Any CPU = Release|Any CPU
	EndGlobalSection
	GlobalSection(ProjectConfigurationPlatforms) = postSolution
		{DB6D1248-6CA1-4E02-A2DE-3DD48F5F4F8F}.Debug|Any CPU.ActiveCfg = Debug|Any CPU
		{DB6D1248-6CA1-4E02-A2DE-3DD48F5F4F8F}.Debug|Any CPU.Build.0 = Debug|Any CPU
		{DB6D1248-6CA1-4E02-A2DE-3DD48F5F4F8F}.Release|Any CPU.ActiveCfg = Release|Any CPU
		{DB6D1248-6CA1-4E02-A2DE-3DD48F5F4F8F}.Release|Any CPU.Build.0 = Release|Any CPU
		{4938A573-B8C0-481E-8691-76D9AF3546E4}.Debug|Any CPU.ActiveCfg = Debug|Any CPU
		{4938A573-B8C0-481E-8691-76D9AF3546E4}.Debug|Any CPU.Build.0 = Debug|Any CPU
		{4938A573-B8C0-481E-8691-76D9AF3546E4}.Release|Any CPU.ActiveCfg = Release|Any CPU
		{4938A573-B8C0-481E-8691-76D9AF3546E4}.Release|Any CPU.Build.0 = Release|Any CPU
		{37C364A0-F30F-4EC8-83E3-84D7A311E09E}.Debug|Any CPU.ActiveCfg = Debug|Any CPU
		{37C364A0-F30F-4EC8-83E3-84D7A311E09E}.Debug|Any CPU.Build.0 = Debug|Any CPU
		{37C364A0-F30F-4EC8-83E3-84D7A311E09E}.Release|Any CPU.ActiveCfg = Release|Any CPU
		{37C364A0-F30F-4EC8-83E3-84D7A311E09E}.Release|Any CPU.Build.0 = Release|Any CPU
	EndGlobalSection
	GlobalSection(SolutionProperties) = preSolution
		HideSolutionNode = FALSE
	EndGlobalSection
	GlobalSection(ExtensibilityGlobals) = postSolution
		SolutionGuid = {4B6BD838-825C-4BD3-A187-AC346A477645}
	EndGlobalSection
EndGlobal
